// !$*UTF8*$!
{
	archiveVersion = 1;
	classes = {
	};
	objectVersion = 55;
	objects = {

/* Begin PBXBuildFile section */
		5C787AC12850D4AD008AEDFB /* CountryTableViewCell.swift in Sources */ = {isa = PBXBuildFile; fileRef = 5C787AC02850D4AD008AEDFB /* CountryTableViewCell.swift */; };
		5CC19AFE285219DB00D234D8 /* SecondViewController.swift in Sources */ = {isa = PBXBuildFile; fileRef = 5CC19AFD285219DB00D234D8 /* SecondViewController.swift */; };
		5CDD6393284F85D000368801 /* AppDelegate.swift in Sources */ = {isa = PBXBuildFile; fileRef = 5CDD6392284F85D000368801 /* AppDelegate.swift */; };
		5CDD6395284F85D000368801 /* SceneDelegate.swift in Sources */ = {isa = PBXBuildFile; fileRef = 5CDD6394284F85D000368801 /* SceneDelegate.swift */; };
		5CDD6397284F85D000368801 /* ViewController.swift in Sources */ = {isa = PBXBuildFile; fileRef = 5CDD6396284F85D000368801 /* ViewController.swift */; };
		5CDD639A284F85D000368801 /* Main.storyboard in Resources */ = {isa = PBXBuildFile; fileRef = 5CDD6398284F85D000368801 /* Main.storyboard */; };
		5CDD639C284F85D100368801 /* Assets.xcassets in Resources */ = {isa = PBXBuildFile; fileRef = 5CDD639B284F85D100368801 /* Assets.xcassets */; };
		5CDD639F284F85D100368801 /* LaunchScreen.storyboard in Resources */ = {isa = PBXBuildFile; fileRef = 5CDD639D284F85D100368801 /* LaunchScreen.storyboard */; };
		5CE6A17628537B8000B62266 /* CountryD.swift in Sources */ = {isa = PBXBuildFile; fileRef = 5CE6A17528537B8000B62266 /* CountryD.swift */; };
		5CE6A17928537D2100B62266 /* NetworkManager.swift in Sources */ = {isa = PBXBuildFile; fileRef = 5CE6A17828537D2100B62266 /* NetworkManager.swift */; };
		E11F15FACCD4F2432B50CD2A /* Pods_5_covid_app.framework in Frameworks */ = {isa = PBXBuildFile; fileRef = ED427C75FBB65AF698A4CB3D /* Pods_5_covid_app.framework */; };
/* End PBXBuildFile section */

/* Begin PBXFileReference section */
		57A474EE0B171532F1E1A353 /* Pods-5_covid_app.release.xcconfig */ = {isa = PBXFileReference; includeInIndex = 1; lastKnownFileType = text.xcconfig; name = "Pods-5_covid_app.release.xcconfig"; path = "Target Support Files/Pods-5_covid_app/Pods-5_covid_app.release.xcconfig"; sourceTree = "<group>"; };
		5C787AC02850D4AD008AEDFB /* CountryTableViewCell.swift */ = {isa = PBXFileReference; lastKnownFileType = sourcecode.swift; path = CountryTableViewCell.swift; sourceTree = "<group>"; };
		5CC19AFD285219DB00D234D8 /* SecondViewController.swift */ = {isa = PBXFileReference; lastKnownFileType = sourcecode.swift; path = SecondViewController.swift; sourceTree = "<group>"; };
		5CDD638F284F85D000368801 /* 5_covid_app.app */ = {isa = PBXFileReference; explicitFileType = wrapper.application; includeInIndex = 0; path = 5_covid_app.app; sourceTree = BUILT_PRODUCTS_DIR; };
		5CDD6392284F85D000368801 /* AppDelegate.swift */ = {isa = PBXFileReference; lastKnownFileType = sourcecode.swift; path = AppDelegate.swift; sourceTree = "<group>"; };
		5CDD6394284F85D000368801 /* SceneDelegate.swift */ = {isa = PBXFileReference; lastKnownFileType = sourcecode.swift; path = SceneDelegate.swift; sourceTree = "<group>"; };
		5CDD6396284F85D000368801 /* ViewController.swift */ = {isa = PBXFileReference; lastKnownFileType = sourcecode.swift; path = ViewController.swift; sourceTree = "<group>"; };
		5CDD6399284F85D000368801 /* Base */ = {isa = PBXFileReference; lastKnownFileType = file.storyboard; name = Base; path = Base.lproj/Main.storyboard; sourceTree = "<group>"; };
		5CDD639B284F85D100368801 /* Assets.xcassets */ = {isa = PBXFileReference; lastKnownFileType = folder.assetcatalog; path = Assets.xcassets; sourceTree = "<group>"; };
		5CDD639E284F85D100368801 /* Base */ = {isa = PBXFileReference; lastKnownFileType = file.storyboard; name = Base; path = Base.lproj/LaunchScreen.storyboard; sourceTree = "<group>"; };
		5CDD63A0284F85D100368801 /* Info.plist */ = {isa = PBXFileReference; lastKnownFileType = text.plist.xml; path = Info.plist; sourceTree = "<group>"; };
		5CE6A17528537B8000B62266 /* CountryD.swift */ = {isa = PBXFileReference; lastKnownFileType = sourcecode.swift; path = CountryD.swift; sourceTree = "<group>"; };
		5CE6A17828537D2100B62266 /* NetworkManager.swift */ = {isa = PBXFileReference; lastKnownFileType = sourcecode.swift; path = NetworkManager.swift; sourceTree = "<group>"; };
		C6E82B6BCD74718E25AD94D6 /* Pods-5_covid_app.debug.xcconfig */ = {isa = PBXFileReference; includeInIndex = 1; lastKnownFileType = text.xcconfig; name = "Pods-5_covid_app.debug.xcconfig"; path = "Target Support Files/Pods-5_covid_app/Pods-5_covid_app.debug.xcconfig"; sourceTree = "<group>"; };
		ED427C75FBB65AF698A4CB3D /* Pods_5_covid_app.framework */ = {isa = PBXFileReference; explicitFileType = wrapper.framework; includeInIndex = 0; path = Pods_5_covid_app.framework; sourceTree = BUILT_PRODUCTS_DIR; };
/* End PBXFileReference section */

/* Begin PBXFrameworksBuildPhase section */
		5CDD638C284F85D000368801 /* Frameworks */ = {
			isa = PBXFrameworksBuildPhase;
			buildActionMask = 2147483647;
			files = (
				E11F15FACCD4F2432B50CD2A /* Pods_5_covid_app.framework in Frameworks */,
			);
			runOnlyForDeploymentPostprocessing = 0;
		};
/* End PBXFrameworksBuildPhase section */

/* Begin PBXGroup section */
		0EC73530B12EFF66415A25F5 /* Pods */ = {
			isa = PBXGroup;
			children = (
				C6E82B6BCD74718E25AD94D6 /* Pods-5_covid_app.debug.xcconfig */,
				57A474EE0B171532F1E1A353 /* Pods-5_covid_app.release.xcconfig */,
			);
			path = Pods;
			sourceTree = "<group>";
		};
		530F5CFA7A2ECDC086BFCE4B /* Frameworks */ = {
			isa = PBXGroup;
			children = (
				ED427C75FBB65AF698A4CB3D /* Pods_5_covid_app.framework */,
			);
			name = Frameworks;
			sourceTree = "<group>";
		};
		5CDD6386284F85D000368801 = {
			isa = PBXGroup;
			children = (
				5CDD6391284F85D000368801 /* 5_covid_app */,
				5CDD6390284F85D000368801 /* Products */,
				0EC73530B12EFF66415A25F5 /* Pods */,
				530F5CFA7A2ECDC086BFCE4B /* Frameworks */,
			);
			sourceTree = "<group>";
		};
		5CDD6390284F85D000368801 /* Products */ = {
			isa = PBXGroup;
			children = (
				5CDD638F284F85D000368801 /* 5_covid_app.app */,
			);
			name = Products;
			sourceTree = "<group>";
		};
		5CDD6391284F85D000368801 /* 5_covid_app */ = {
			isa = PBXGroup;
			children = (
				5CE6A17728537D0600B62266 /* managers */,
				5CE6A17428537B6000B62266 /* models */,
				5CDD63A6284F865100368801 /* cells */,
				5CDD6392284F85D000368801 /* AppDelegate.swift */,
				5CDD6394284F85D000368801 /* SceneDelegate.swift */,
				5CDD6396284F85D000368801 /* ViewController.swift */,
				5CDD6398284F85D000368801 /* Main.storyboard */,
				5CDD639B284F85D100368801 /* Assets.xcassets */,
				5CDD639D284F85D100368801 /* LaunchScreen.storyboard */,
				5CDD63A0284F85D100368801 /* Info.plist */,
				5CC19AFD285219DB00D234D8 /* SecondViewController.swift */,
			);
			path = 5_covid_app;
			sourceTree = "<group>";
		};
		5CDD63A6284F865100368801 /* cells */ = {
			isa = PBXGroup;
			children = (
				5C787AC02850D4AD008AEDFB /* CountryTableViewCell.swift */,
			);
			path = cells;
			sourceTree = "<group>";
		};
		5CE6A17428537B6000B62266 /* models */ = {
			isa = PBXGroup;
			children = (
				5CE6A17528537B8000B62266 /* CountryD.swift */,
			);
			path = models;
			sourceTree = "<group>";
		};
		5CE6A17728537D0600B62266 /* managers */ = {
			isa = PBXGroup;
			children = (
				5CE6A17828537D2100B62266 /* NetworkManager.swift */,
			);
			path = managers;
			sourceTree = "<group>";
		};
/* End PBXGroup section */

/* Begin PBXNativeTarget section */
		5CDD638E284F85D000368801 /* 5_covid_app */ = {
			isa = PBXNativeTarget;
			buildConfigurationList = 5CDD63A3284F85D100368801 /* Build configuration list for PBXNativeTarget "5_covid_app" */;
			buildPhases = (
				ECF53951BE55ED3088B00EA6 /* [CP] Check Pods Manifest.lock */,
				5CDD638B284F85D000368801 /* Sources */,
				5CDD638C284F85D000368801 /* Frameworks */,
				5CDD638D284F85D000368801 /* Resources */,
				EAA14B0C84770FF65F2BAED4 /* [CP] Embed Pods Frameworks */,
			);
			buildRules = (
			);
			dependencies = (
			);
			name = 5_covid_app;
			productName = 5_covid_app;
			productReference = 5CDD638F284F85D000368801 /* 5_covid_app.app */;
			productType = "com.apple.product-type.application";
		};
/* End PBXNativeTarget section */

/* Begin PBXProject section */
		5CDD6387284F85D000368801 /* Project object */ = {
			isa = PBXProject;
			attributes = {
				BuildIndependentTargetsInParallel = 1;
				LastSwiftUpdateCheck = 1320;
				LastUpgradeCheck = 1320;
				TargetAttributes = {
					5CDD638E284F85D000368801 = {
						CreatedOnToolsVersion = 13.2.1;
					};
				};
			};
			buildConfigurationList = 5CDD638A284F85D000368801 /* Build configuration list for PBXProject "5_covid_app" */;
			compatibilityVersion = "Xcode 13.0";
			developmentRegion = en;
			hasScannedForEncodings = 0;
			knownRegions = (
				en,
				Base,
			);
			mainGroup = 5CDD6386284F85D000368801;
			productRefGroup = 5CDD6390284F85D000368801 /* Products */;
			projectDirPath = "";
			projectRoot = "";
			targets = (
				5CDD638E284F85D000368801 /* 5_covid_app */,
			);
		};
/* End PBXProject section */

/* Begin PBXResourcesBuildPhase section */
		5CDD638D284F85D000368801 /* Resources */ = {
			isa = PBXResourcesBuildPhase;
			buildActionMask = 2147483647;
			files = (
				5CDD639F284F85D100368801 /* LaunchScreen.storyboard in Resources */,
				5CDD639C284F85D100368801 /* Assets.xcassets in Resources */,
				5CDD639A284F85D000368801 /* Main.storyboard in Resources */,
			);
			runOnlyForDeploymentPostprocessing = 0;
		};
/* End PBXResourcesBuildPhase section */

/* Begin PBXShellScriptBuildPhase section */
		EAA14B0C84770FF65F2BAED4 /* [CP] Embed Pods Frameworks */ = {
			isa = PBXShellScriptBuildPhase;
			buildActionMask = 2147483647;
			files = (
			);
			inputFileListPaths = (
				"${PODS_ROOT}/Target Support Files/Pods-5_covid_app/Pods-5_covid_app-frameworks-${CONFIGURATION}-input-files.xcfilelist",
			);
			name = "[CP] Embed Pods Frameworks";
			outputFileListPaths = (
				"${PODS_ROOT}/Target Support Files/Pods-5_covid_app/Pods-5_covid_app-frameworks-${CONFIGURATION}-output-files.xcfilelist",
			);
			runOnlyForDeploymentPostprocessing = 0;
			shellPath = /bin/sh;
			shellScript = "\"${PODS_ROOT}/Target Support Files/Pods-5_covid_app/Pods-5_covid_app-frameworks.sh\"\n";
			showEnvVarsInLog = 0;
		};
		ECF53951BE55ED3088B00EA6 /* [CP] Check Pods Manifest.lock */ = {
			isa = PBXShellScriptBuildPhase;
			buildActionMask = 2147483647;
			files = (
			);
			inputFileListPaths = (
			);
			inputPaths = (
				"${PODS_PODFILE_DIR_PATH}/Podfile.lock",
				"${PODS_ROOT}/Manifest.lock",
			);
			name = "[CP] Check Pods Manifest.lock";
			outputFileListPaths = (
			);
			outputPaths = (
				"$(DERIVED_FILE_DIR)/Pods-5_covid_app-checkManifestLockResult.txt",
			);
			runOnlyForDeploymentPostprocessing = 0;
			shellPath = /bin/sh;
			shellScript = "diff \"${PODS_PODFILE_DIR_PATH}/Podfile.lock\" \"${PODS_ROOT}/Manifest.lock\" > /dev/null\nif [ $? != 0 ] ; then\n    # print error to STDERR\n    echo \"error: The sandbox is not in sync with the Podfile.lock. Run 'pod install' or update your CocoaPods installation.\" >&2\n    exit 1\nfi\n# This output is used by Xcode 'outputs' to avoid re-running this script phase.\necho \"SUCCESS\" > \"${SCRIPT_OUTPUT_FILE_0}\"\n";
			showEnvVarsInLog = 0;
		};
/* End PBXShellScriptBuildPhase section */

/* Begin PBXSourcesBuildPhase section */
		5CDD638B284F85D000368801 /* Sources */ = {
			isa = PBXSourcesBuildPhase;
			buildActionMask = 2147483647;
			files = (
				5C787AC12850D4AD008AEDFB /* CountryTableViewCell.swift in Sources */,
				5CDD6397284F85D000368801 /* ViewController.swift in Sources */,
				5CDD6393284F85D000368801 /* AppDelegate.swift in Sources */,
				5CE6A17928537D2100B62266 /* NetworkManager.swift in Sources */,
				5CC19AFE285219DB00D234D8 /* SecondViewController.swift in Sources */,
				5CDD6395284F85D000368801 /* SceneDelegate.swift in Sources */,
				5CE6A17628537B8000B62266 /* CountryD.swift in Sources */,
			);
			runOnlyForDeploymentPostprocessing = 0;
		};
/* End PBXSourcesBuildPhase section */

/* Begin PBXVariantGroup section */
		5CDD6398284F85D000368801 /* Main.storyboard */ = {
			isa = PBXVariantGroup;
			children = (
				5CDD6399284F85D000368801 /* Base */,
			);
			name = Main.storyboard;
			sourceTree = "<group>";
		};
		5CDD639D284F85D100368801 /* LaunchScreen.storyboard */ = {
			isa = PBXVariantGroup;
			children = (
				5CDD639E284F85D100368801 /* Base */,
			);
			name = LaunchScreen.storyboard;
			sourceTree = "<group>";
		};
/* End PBXVariantGroup section */

/* Begin XCBuildConfiguration section */
		5CDD63A1284F85D100368801 /* Debug */ = {
			isa = XCBuildConfiguration;
			buildSettings = {
				ALWAYS_SEARCH_USER_PATHS = NO;
				CLANG_ANALYZER_NONNULL = YES;
				CLANG_ANALYZER_NUMBER_OBJECT_CONVERSION = YES_AGGRESSIVE;
				CLANG_CXX_LANGUAGE_STANDARD = "gnu++17";
				CLANG_CXX_LIBRARY = "libc++";
				CLANG_ENABLE_MODULES = YES;
				CLANG_ENABLE_OBJC_ARC = YES;
				CLANG_ENABLE_OBJC_WEAK = YES;
				CLANG_WARN_BLOCK_CAPTURE_AUTORELEASING = YES;
				CLANG_WARN_BOOL_CONVERSION = YES;
				CLANG_WARN_COMMA = YES;
				CLANG_WARN_CONSTANT_CONVERSION = YES;
				CLANG_WARN_DEPRECATED_OBJC_IMPLEMENTATIONS = YES;
				CLANG_WARN_DIRECT_OBJC_ISA_USAGE = YES_ERROR;
				CLANG_WARN_DOCUMENTATION_COMMENTS = YES;
				CLANG_WARN_EMPTY_BODY = YES;
				CLANG_WARN_ENUM_CONVERSION = YES;
				CLANG_WARN_INFINITE_RECURSION = YES;
				CLANG_WARN_INT_CONVERSION = YES;
				CLANG_WARN_NON_LITERAL_NULL_CONVERSION = YES;
				CLANG_WARN_OBJC_IMPLICIT_RETAIN_SELF = YES;
				CLANG_WARN_OBJC_LITERAL_CONVERSION = YES;
				CLANG_WARN_OBJC_ROOT_CLASS = YES_ERROR;
				CLANG_WARN_QUOTED_INCLUDE_IN_FRAMEWORK_HEADER = YES;
				CLANG_WARN_RANGE_LOOP_ANALYSIS = YES;
				CLANG_WARN_STRICT_PROTOTYPES = YES;
				CLANG_WARN_SUSPICIOUS_MOVE = YES;
				CLANG_WARN_UNGUARDED_AVAILABILITY = YES_AGGRESSIVE;
				CLANG_WARN_UNREACHABLE_CODE = YES;
				CLANG_WARN__DUPLICATE_METHOD_MATCH = YES;
				COPY_PHASE_STRIP = NO;
				DEBUG_INFORMATION_FORMAT = dwarf;
				ENABLE_STRICT_OBJC_MSGSEND = YES;
				ENABLE_TESTABILITY = YES;
				GCC_C_LANGUAGE_STANDARD = gnu11;
				GCC_DYNAMIC_NO_PIC = NO;
				GCC_NO_COMMON_BLOCKS = YES;
				GCC_OPTIMIZATION_LEVEL = 0;
				GCC_PREPROCESSOR_DEFINITIONS = (
					"DEBUG=1",
					"$(inherited)",
				);
				GCC_WARN_64_TO_32_BIT_CONVERSION = YES;
				GCC_WARN_ABOUT_RETURN_TYPE = YES_ERROR;
				GCC_WARN_UNDECLARED_SELECTOR = YES;
				GCC_WARN_UNINITIALIZED_AUTOS = YES_AGGRESSIVE;
				GCC_WARN_UNUSED_FUNCTION = YES;
				GCC_WARN_UNUSED_VARIABLE = YES;
				IPHONEOS_DEPLOYMENT_TARGET = 15.2;
				MTL_ENABLE_DEBUG_INFO = INCLUDE_SOURCE;
				MTL_FAST_MATH = YES;
				ONLY_ACTIVE_ARCH = YES;
				SDKROOT = iphoneos;
				SWIFT_ACTIVE_COMPILATION_CONDITIONS = DEBUG;
				SWIFT_OPTIMIZATION_LEVEL = "-Onone";
			};
			name = Debug;
		};
		5CDD63A2284F85D100368801 /* Release */ = {
			isa = XCBuildConfiguration;
			buildSettings = {
				ALWAYS_SEARCH_USER_PATHS = NO;
				CLANG_ANALYZER_NONNULL = YES;
				CLANG_ANALYZER_NUMBER_OBJECT_CONVERSION = YES_AGGRESSIVE;
				CLANG_CXX_LANGUAGE_STANDARD = "gnu++17";
				CLANG_CXX_LIBRARY = "libc++";
				CLANG_ENABLE_MODULES = YES;
				CLANG_ENABLE_OBJC_ARC = YES;
				CLANG_ENABLE_OBJC_WEAK = YES;
				CLANG_WARN_BLOCK_CAPTURE_AUTORELEASING = YES;
				CLANG_WARN_BOOL_CONVERSION = YES;
				CLANG_WARN_COMMA = YES;
				CLANG_WARN_CONSTANT_CONVERSION = YES;
				CLANG_WARN_DEPRECATED_OBJC_IMPLEMENTATIONS = YES;
				CLANG_WARN_DIRECT_OBJC_ISA_USAGE = YES_ERROR;
				CLANG_WARN_DOCUMENTATION_COMMENTS = YES;
				CLANG_WARN_EMPTY_BODY = YES;
				CLANG_WARN_ENUM_CONVERSION = YES;
				CLANG_WARN_INFINITE_RECURSION = YES;
				CLANG_WARN_INT_CONVERSION = YES;
				CLANG_WARN_NON_LITERAL_NULL_CONVERSION = YES;
				CLANG_WARN_OBJC_IMPLICIT_RETAIN_SELF = YES;
				CLANG_WARN_OBJC_LITERAL_CONVERSION = YES;
				CLANG_WARN_OBJC_ROOT_CLASS = YES_ERROR;
				CLANG_WARN_QUOTED_INCLUDE_IN_FRAMEWORK_HEADER = YES;
				CLANG_WARN_RANGE_LOOP_ANALYSIS = YES;
				CLANG_WARN_STRICT_PROTOTYPES = YES;
				CLANG_WARN_SUSPICIOUS_MOVE = YES;
				CLANG_WARN_UNGUARDED_AVAILABILITY = YES_AGGRESSIVE;
				CLANG_WARN_UNREACHABLE_CODE = YES;
				CLANG_WARN__DUPLICATE_METHOD_MATCH = YES;
				COPY_PHASE_STRIP = NO;
				DEBUG_INFORMATION_FORMAT = "dwarf-with-dsym";
				ENABLE_NS_ASSERTIONS = NO;
				ENABLE_STRICT_OBJC_MSGSEND = YES;
				GCC_C_LANGUAGE_STANDARD = gnu11;
				GCC_NO_COMMON_BLOCKS = YES;
				GCC_WARN_64_TO_32_BIT_CONVERSION = YES;
				GCC_WARN_ABOUT_RETURN_TYPE = YES_ERROR;
				GCC_WARN_UNDECLARED_SELECTOR = YES;
				GCC_WARN_UNINITIALIZED_AUTOS = YES_AGGRESSIVE;
				GCC_WARN_UNUSED_FUNCTION = YES;
				GCC_WARN_UNUSED_VARIABLE = YES;
				IPHONEOS_DEPLOYMENT_TARGET = 15.2;
				MTL_ENABLE_DEBUG_INFO = NO;
				MTL_FAST_MATH = YES;
				SDKROOT = iphoneos;
				SWIFT_COMPILATION_MODE = wholemodule;
				SWIFT_OPTIMIZATION_LEVEL = "-O";
				VALIDATE_PRODUCT = YES;
			};
			name = Release;
		};
		5CDD63A4284F85D100368801 /* Debug */ = {
			isa = XCBuildConfiguration;
			baseConfigurationReference = C6E82B6BCD74718E25AD94D6 /* Pods-5_covid_app.debug.xcconfig */;
			buildSettings = {
				ASSETCATALOG_COMPILER_APPICON_NAME = AppIcon;
				ASSETCATALOG_COMPILER_GLOBAL_ACCENT_COLOR_NAME = AccentColor;
				CODE_SIGN_STYLE = Automatic;
				CURRENT_PROJECT_VERSION = 1;
				DEVELOPMENT_TEAM = 4TD5BBR3HC;
				GENERATE_INFOPLIST_FILE = YES;
				INFOPLIST_FILE = 5_covid_app/Info.plist;
				INFOPLIST_KEY_UIApplicationSupportsIndirectInputEvents = YES;
				INFOPLIST_KEY_UILaunchStoryboardName = LaunchScreen;
				INFOPLIST_KEY_UIMainStoryboardFile = Main;
				INFOPLIST_KEY_UISupportedInterfaceOrientations_iPad = "UIInterfaceOrientationPortrait UIInterfaceOrientationPortraitUpsideDown UIInterfaceOrientationLandscapeLeft UIInterfaceOrientationLandscapeRight";
				INFOPLIST_KEY_UISupportedInterfaceOrientations_iPhone = "UIInterfaceOrientationPortrait UIInterfaceOrientationLandscapeLeft UIInterfaceOrientationLandscapeRight";
				LD_RUNPATH_SEARCH_PATHS = (
					"$(inherited)",
					"@executable_path/Frameworks",
				);
				MARKETING_VERSION = 1.0;
				PRODUCT_BUNDLE_IDENTIFIER = "com.davidgj.testsui123.--covid-app";
				PRODUCT_NAME = "$(TARGET_NAME)";
				SWIFT_EMIT_LOC_STRINGS = YES;
				SWIFT_VERSION = 5.0;
				TARGETED_DEVICE_FAMILY = "1,2";
			};
			name = Debug;
		};
		5CDD63A5284F85D100368801 /* Release */ = {
			isa = XCBuildConfiguration;
			baseConfigurationReference = 57A474EE0B171532F1E1A353 /* Pods-5_covid_app.release.xcconfig */;
			buildSettings = {
				ASSETCATALOG_COMPILER_APPICON_NAME = AppIcon;
				ASSETCATALOG_COMPILER_GLOBAL_ACCENT_COLOR_NAME = AccentColor;
				CODE_SIGN_STYLE = Automatic;
				CURRENT_PROJECT_VERSION = 1;
				DEVELOPMENT_TEAM = 4TD5BBR3HC;
				GENERATE_INFOPLIST_FILE = YES;
				INFOPLIST_FILE = 5_covid_app/Info.plist;
				INFOPLIST_KEY_UIApplicationSupportsIndirectInputEvents = YES;
				INFOPLIST_KEY_UILaunchStoryboardName = LaunchScreen;
				INFOPLIST_KEY_UIMainStoryboardFile = Main;
				INFOPLIST_KEY_UISupportedInterfaceOrientations_iPad = "UIInterfaceOrientationPortrait UIInterfaceOrientationPortraitUpsideDown UIInterfaceOrientationLandscapeLeft UIInterfaceOrientationLandscapeRight";
				INFOPLIST_KEY_UISupportedInterfaceOrientations_iPhone = "UIInterfaceOrientationPortrait UIInterfaceOrientationLandscapeLeft UIInterfaceOrientationLandscapeRight";
				LD_RUNPATH_SEARCH_PATHS = (
					"$(inherited)",
					"@executable_path/Frameworks",
				);
				MARKETING_VERSION = 1.0;
				PRODUCT_BUNDLE_IDENTIFIER = "com.davidgj.testsui123.--covid-app";
				PRODUCT_NAME = "$(TARGET_NAME)";
				SWIFT_EMIT_LOC_STRINGS = YES;
				SWIFT_VERSION = 5.0;
				TARGETED_DEVICE_FAMILY = "1,2";
			};
			name = Release;
		};
/* End XCBuildConfiguration section */

/* Begin XCConfigurationList section */
		5CDD638A284F85D000368801 /* Build configuration list for PBXProject "5_covid_app" */ = {
			isa = XCConfigurationList;
			buildConfigurations = (
				5CDD63A1284F85D100368801 /* Debug */,
				5CDD63A2284F85D100368801 /* Release */,
			);
			defaultConfigurationIsVisible = 0;
			defaultConfigurationName = Release;
		};
		5CDD63A3284F85D100368801 /* Build configuration list for PBXNativeTarget "5_covid_app" */ = {
			isa = XCConfigurationList;
			buildConfigurations = (
				5CDD63A4284F85D100368801 /* Debug */,
				5CDD63A5284F85D100368801 /* Release */,
			);
			defaultConfigurationIsVisible = 0;
			defaultConfigurationName = Release;
		};
/* End XCConfigurationList section */
	};
	rootObject = 5CDD6387284F85D000368801 /* Project object */;
}
